
Microsoft Visual Studio Solution File, Format Version 12.00
# Visual Studio Version 17
VisualStudioVersion = 17.8.34601.278
MinimumVisualStudioVersion = 10.0.40219.1
Project("{9A19103F-16F7-4668-BE54-9A1E7A4F7556}") = "Faktur.Contracts", "src\Faktur.Contracts\Faktur.Contracts.csproj", "{DC170FD0-C29E-47B8-9D63-433C0500615D}"
EndProject
Project("{2150E333-8FDC-42A3-9474-1A3956D46DE8}") = "Solution Items", "Solution Items", "{7E4B6949-48A2-4892-9490-BC0674E602F9}"
	ProjectSection(SolutionItems) = preProject
		.dockerignore = .dockerignore
		.editorconfig = .editorconfig
		.gitattributes = .gitattributes
		.gitignore = .gitignore
		README.md = README.md
	EndProjectSection
EndProject
Project("{9A19103F-16F7-4668-BE54-9A1E7A4F7556}") = "Faktur.Domain", "src\Faktur.Domain\Faktur.Domain.csproj", "{42B8010F-CF49-4911-BD94-2D3738DC6F45}"
EndProject
Project("{9A19103F-16F7-4668-BE54-9A1E7A4F7556}") = "Faktur.Application", "src\Faktur.Application\Faktur.Application.csproj", "{0C514CF0-56ED-4FA9-BCF1-F13D966E8CE6}"
EndProject
Project("{9A19103F-16F7-4668-BE54-9A1E7A4F7556}") = "Faktur.Infrastructure", "src\Faktur.Infrastructure\Faktur.Infrastructure.csproj", "{6FE8074E-F045-49FD-8E2B-2176CFC1B7A1}"
EndProject
Project("{9A19103F-16F7-4668-BE54-9A1E7A4F7556}") = "Faktur", "src\Faktur\Faktur.csproj", "{9C551157-BFBA-413B-9E63-E0307AB480A5}"
EndProject
Project("{9A19103F-16F7-4668-BE54-9A1E7A4F7556}") = "Faktur.EntityFrameworkCore.Relational", "src\Faktur.EntityFrameworkCore.Relational\Faktur.EntityFrameworkCore.Relational.csproj", "{78C213CA-FE6A-4332-9D24-EF7A79E6C9EE}"
EndProject
Project("{9A19103F-16F7-4668-BE54-9A1E7A4F7556}") = "Faktur.EntityFrameworkCore.SqlServer", "src\Faktur.EntityFrameworkCore.SqlServer\Faktur.EntityFrameworkCore.SqlServer.csproj", "{685F89E4-CE6E-4ACD-BB07-650AC673443E}"
EndProject
Project("{2150E333-8FDC-42A3-9474-1A3956D46DE8}") = "Tests", "Tests", "{D6C0BA2F-F805-4BAB-AFD7-9D5A92DF1352}"
EndProject
Project("{9A19103F-16F7-4668-BE54-9A1E7A4F7556}") = "Faktur.IntegrationTests", "tests\Faktur.IntegrationTests\Faktur.IntegrationTests.csproj", "{ABC4557E-132B-429E-9E6F-E812A126C1D9}"
EndProject
Project("{9A19103F-16F7-4668-BE54-9A1E7A4F7556}") = "Faktur.Tests", "tests\Faktur.Tests\Faktur.Tests.csproj", "{16B07B53-284A-4D6A-88E4-CB20CACCC4C5}"
EndProject
Project("{9A19103F-16F7-4668-BE54-9A1E7A4F7556}") = "Faktur.Domain.UnitTests", "tests\Faktur.Domain.UnitTests\Faktur.Domain.UnitTests.csproj", "{10259F5B-ABEA-4ED5-AB22-DA3F4D79326D}"
EndProject
Project("{FAE04EC0-301F-11D3-BF4B-00C04F79EFBC}") = "Faktur.EntityFrameworkCore.PostgreSQL", "src\Faktur.EntityFrameworkCore.PostgreSQL\Faktur.EntityFrameworkCore.PostgreSQL.csproj", "{741135EE-522D-45A2-BF55-3998102D8BC5}"
EndProject
Global
	GlobalSection(SolutionConfigurationPlatforms) = preSolution
		Debug|Any CPU = Debug|Any CPU
		Release|Any CPU = Release|Any CPU
	EndGlobalSection
	GlobalSection(ProjectConfigurationPlatforms) = postSolution
		{DC170FD0-C29E-47B8-9D63-433C0500615D}.Debug|Any CPU.ActiveCfg = Debug|Any CPU
		{DC170FD0-C29E-47B8-9D63-433C0500615D}.Debug|Any CPU.Build.0 = Debug|Any CPU
		{DC170FD0-C29E-47B8-9D63-433C0500615D}.Release|Any CPU.ActiveCfg = Release|Any CPU
		{DC170FD0-C29E-47B8-9D63-433C0500615D}.Release|Any CPU.Build.0 = Release|Any CPU
		{42B8010F-CF49-4911-BD94-2D3738DC6F45}.Debug|Any CPU.ActiveCfg = Debug|Any CPU
		{42B8010F-CF49-4911-BD94-2D3738DC6F45}.Debug|Any CPU.Build.0 = Debug|Any CPU
		{42B8010F-CF49-4911-BD94-2D3738DC6F45}.Release|Any CPU.ActiveCfg = Release|Any CPU
		{42B8010F-CF49-4911-BD94-2D3738DC6F45}.Release|Any CPU.Build.0 = Release|Any CPU
		{0C514CF0-56ED-4FA9-BCF1-F13D966E8CE6}.Debug|Any CPU.ActiveCfg = Debug|Any CPU
		{0C514CF0-56ED-4FA9-BCF1-F13D966E8CE6}.Debug|Any CPU.Build.0 = Debug|Any CPU
		{0C514CF0-56ED-4FA9-BCF1-F13D966E8CE6}.Release|Any CPU.ActiveCfg = Release|Any CPU
		{0C514CF0-56ED-4FA9-BCF1-F13D966E8CE6}.Release|Any CPU.Build.0 = Release|Any CPU
		{6FE8074E-F045-49FD-8E2B-2176CFC1B7A1}.Debug|Any CPU.ActiveCfg = Debug|Any CPU
		{6FE8074E-F045-49FD-8E2B-2176CFC1B7A1}.Debug|Any CPU.Build.0 = Debug|Any CPU
		{6FE8074E-F045-49FD-8E2B-2176CFC1B7A1}.Release|Any CPU.ActiveCfg = Release|Any CPU
		{6FE8074E-F045-49FD-8E2B-2176CFC1B7A1}.Release|Any CPU.Build.0 = Release|Any CPU
		{9C551157-BFBA-413B-9E63-E0307AB480A5}.Debug|Any CPU.ActiveCfg = Debug|Any CPU
		{9C551157-BFBA-413B-9E63-E0307AB480A5}.Debug|Any CPU.Build.0 = Debug|Any CPU
		{9C551157-BFBA-413B-9E63-E0307AB480A5}.Release|Any CPU.ActiveCfg = Release|Any CPU
		{9C551157-BFBA-413B-9E63-E0307AB480A5}.Release|Any CPU.Build.0 = Release|Any CPU
		{78C213CA-FE6A-4332-9D24-EF7A79E6C9EE}.Debug|Any CPU.ActiveCfg = Debug|Any CPU
		{78C213CA-FE6A-4332-9D24-EF7A79E6C9EE}.Debug|Any CPU.Build.0 = Debug|Any CPU
		{78C213CA-FE6A-4332-9D24-EF7A79E6C9EE}.Release|Any CPU.ActiveCfg = Release|Any CPU
		{78C213CA-FE6A-4332-9D24-EF7A79E6C9EE}.Release|Any CPU.Build.0 = Release|Any CPU
		{685F89E4-CE6E-4ACD-BB07-650AC673443E}.Debug|Any CPU.ActiveCfg = Debug|Any CPU
		{685F89E4-CE6E-4ACD-BB07-650AC673443E}.Debug|Any CPU.Build.0 = Debug|Any CPU
		{685F89E4-CE6E-4ACD-BB07-650AC673443E}.Release|Any CPU.ActiveCfg = Release|Any CPU
		{685F89E4-CE6E-4ACD-BB07-650AC673443E}.Release|Any CPU.Build.0 = Release|Any CPU
		{ABC4557E-132B-429E-9E6F-E812A126C1D9}.Debug|Any CPU.ActiveCfg = Debug|Any CPU
		{ABC4557E-132B-429E-9E6F-E812A126C1D9}.Debug|Any CPU.Build.0 = Debug|Any CPU
		{ABC4557E-132B-429E-9E6F-E812A126C1D9}.Release|Any CPU.ActiveCfg = Release|Any CPU
		{ABC4557E-132B-429E-9E6F-E812A126C1D9}.Release|Any CPU.Build.0 = Release|Any CPU
		{16B07B53-284A-4D6A-88E4-CB20CACCC4C5}.Debug|Any CPU.ActiveCfg = Debug|Any CPU
		{16B07B53-284A-4D6A-88E4-CB20CACCC4C5}.Debug|Any CPU.Build.0 = Debug|Any CPU
		{16B07B53-284A-4D6A-88E4-CB20CACCC4C5}.Release|Any CPU.ActiveCfg = Release|Any CPU
		{16B07B53-284A-4D6A-88E4-CB20CACCC4C5}.Release|Any CPU.Build.0 = Release|Any CPU
		{10259F5B-ABEA-4ED5-AB22-DA3F4D79326D}.Debug|Any CPU.ActiveCfg = Debug|Any CPU
		{10259F5B-ABEA-4ED5-AB22-DA3F4D79326D}.Debug|Any CPU.Build.0 = Debug|Any CPU
		{10259F5B-ABEA-4ED5-AB22-DA3F4D79326D}.Release|Any CPU.ActiveCfg = Release|Any CPU
		{10259F5B-ABEA-4ED5-AB22-DA3F4D79326D}.Release|Any CPU.Build.0 = Release|Any CPU
		{741135EE-522D-45A2-BF55-3998102D8BC5}.Debug|Any CPU.ActiveCfg = Debug|Any CPU
		{741135EE-522D-45A2-BF55-3998102D8BC5}.Debug|Any CPU.Build.0 = Debug|Any CPU
		{741135EE-522D-45A2-BF55-3998102D8BC5}.Release|Any CPU.ActiveCfg = Release|Any CPU
		{741135EE-522D-45A2-BF55-3998102D8BC5}.Release|Any CPU.Build.0 = Release|Any CPU
	EndGlobalSection
	GlobalSection(SolutionProperties) = preSolution
		HideSolutionNode = FALSE
	EndGlobalSection
	GlobalSection(NestedProjects) = preSolution
		{ABC4557E-132B-429E-9E6F-E812A126C1D9} = {D6C0BA2F-F805-4BAB-AFD7-9D5A92DF1352}
		{16B07B53-284A-4D6A-88E4-CB20CACCC4C5} = {D6C0BA2F-F805-4BAB-AFD7-9D5A92DF1352}
		{10259F5B-ABEA-4ED5-AB22-DA3F4D79326D} = {D6C0BA2F-F805-4BAB-AFD7-9D5A92DF1352}
	EndGlobalSection
	GlobalSection(ExtensibilityGlobals) = postSolution
		SolutionGuid = {C3414F6E-6810-45E8-ADAA-2782088197F3}
	EndGlobalSection
EndGlobal
